
Microsoft Visual Studio Solution File, Format Version 12.00
# Visual Studio Version 17
VisualStudioVersion = 17.9.34728.123
MinimumVisualStudioVersion = 10.0.40219.1
Project("{FAE04EC0-301F-11D3-BF4B-00C04F79EFBC}") = "OK zad1", "OK zad1\OK zad1.csproj", "{1E2C9A36-7B35-4796-BEEB-8724F810534A}"
EndProject
Global
	GlobalSection(SolutionConfigurationPlatforms) = preSolution
		Debug|Any CPU = Debug|Any CPU
		Release|Any CPU = Release|Any CPU
	EndGlobalSection
	GlobalSection(ProjectConfigurationPlatforms) = postSolution
		{1E2C9A36-7B35-4796-BEEB-8724F810534A}.Debug|Any CPU.ActiveCfg = Debug|Any CPU
		{1E2C9A36-7B35-4796-BEEB-8724F810534A}.Debug|Any CPU.Build.0 = Debug|Any CPU
		{1E2C9A36-7B35-4796-BEEB-8724F810534A}.Release|Any CPU.ActiveCfg = Release|Any CPU
		{1E2C9A36-7B35-4796-BEEB-8724F810534A}.Release|Any CPU.Build.0 = Release|Any CPU
	EndGlobalSection
	GlobalSection(SolutionProperties) = preSolution
		HideSolutionNode = FALSE
	EndGlobalSection
	GlobalSection(ExtensibilityGlobals) = postSolution
		SolutionGuid = {4E713701-CB3E-41B6-A9BD-70F0062EB225}
	EndGlobalSection
EndGlobal
